
Microsoft Visual Studio Solution File, Format Version 12.00
# Visual Studio Version 17
VisualStudioVersion = 17.9.34723.18
MinimumVisualStudioVersion = 10.0.40219.1
Project("{9A19103F-16F7-4668-BE54-9A1E7A4F7556}") = "DesafioProjetoHospedagem", "DesafioProjetoHospedagem.csproj", "{F015C3A6-BD88-4BA4-ACDF-84EFD4DDA9A1}"
EndProject
Global
	GlobalSection(SolutionConfigurationPlatforms) = preSolution
		Debug|Any CPU = Debug|Any CPU
		Release|Any CPU = Release|Any CPU
	EndGlobalSection
	GlobalSection(ProjectConfigurationPlatforms) = postSolution
		{F015C3A6-BD88-4BA4-ACDF-84EFD4DDA9A1}.Debug|Any CPU.ActiveCfg = Debug|Any CPU
		{F015C3A6-BD88-4BA4-ACDF-84EFD4DDA9A1}.Debug|Any CPU.Build.0 = Debug|Any CPU
		{F015C3A6-BD88-4BA4-ACDF-84EFD4DDA9A1}.Release|Any CPU.ActiveCfg = Release|Any CPU
		{F015C3A6-BD88-4BA4-ACDF-84EFD4DDA9A1}.Release|Any CPU.Build.0 = Release|Any CPU
	EndGlobalSection
	GlobalSection(SolutionProperties) = preSolution
		HideSolutionNode = FALSE
	EndGlobalSection
	GlobalSection(ExtensibilityGlobals) = postSolution
		SolutionGuid = {5D60999C-5E70-4A3E-90EB-DBD455466708}
	EndGlobalSection
EndGlobal
